DEPENDENCIES
  apt (~> 2.0)
  jenkins (~> 2.0)

GRAPH
  apt (2.3.6)
  build-essential (1.4.2)
  jenkins (2.0.3)
    apt (~> 2.0)
    runit (~> 1.5)
    yum (~> 3.0)
  runit (1.5.8)
    build-essential (>= 0.0.0)
    yum (~> 3.0)
    yum-epel (>= 0.0.0)
  yum (3.0.6)
  yum-epel (0.2.0)
    yum (~> 3.0)
